#MicroXplorer Configuration settings - do not modify
ADC1.Channel-0\#ChannelRegularConversion=ADC_CHANNEL_3
ADC1.Channel-1\#ChannelRegularConversion=ADC_CHANNEL_4
ADC1.Channel-2\#ChannelRegularConversion=ADC_CHANNEL_TEMPSENSOR_ADC1
ADC1.Channel-3\#ChannelRegularConversion=ADC_CHANNEL_12
ADC1.ClockPrescaler=ADC_CLOCK_ASYNC_DIV1
ADC1.CommonPathInternal=null|ADC_CHANNEL_TEMPSENSOR_ADC1|null|null
ADC1.ContinuousConvMode=DISABLE
ADC1.DMAContinuousRequests=ENABLE
ADC1.EOCSelection=ADC_EOC_SEQ_CONV
ADC1.ExternalTrigConv=ADC_EXTERNALTRIG_T1_TRGO
ADC1.ExternalTrigConvEdge=ADC_EXTERNALTRIGCONVEDGE_RISINGFALLING
ADC1.IPParameters=Rank-0\#ChannelRegularConversion,Channel-0\#ChannelRegularConversion,SamplingTime-0\#ChannelRegularConversion,OffsetNumber-0\#ChannelRegularConversion,NbrOfConversionFlag,Rank-1\#ChannelRegularConversion,Channel-1\#ChannelRegularConversion,SamplingTime-1\#ChannelRegularConversion,OffsetNumber-1\#ChannelRegularConversion,Rank-2\#ChannelRegularConversion,Channel-2\#ChannelRegularConversion,SamplingTime-2\#ChannelRegularConversion,OffsetNumber-2\#ChannelRegularConversion,NbrOfConversion,Overrun,DMAContinuousRequests,ContinuousConvMode,Rank-3\#ChannelRegularConversion,Channel-3\#ChannelRegularConversion,SamplingTime-3\#ChannelRegularConversion,OffsetNumber-3\#ChannelRegularConversion,ClockPrescaler,EOCSelection,ExternalTrigConv,ExternalTrigConvEdge,master,CommonPathInternal
ADC1.NbrOfConversion=4
ADC1.NbrOfConversionFlag=1
ADC1.OffsetNumber-0\#ChannelRegularConversion=ADC_OFFSET_NONE
ADC1.OffsetNumber-1\#ChannelRegularConversion=ADC_OFFSET_NONE
ADC1.OffsetNumber-2\#ChannelRegularConversion=ADC_OFFSET_NONE
ADC1.OffsetNumber-3\#ChannelRegularConversion=ADC_OFFSET_NONE
ADC1.Overrun=ADC_OVR_DATA_OVERWRITTEN
ADC1.Rank-0\#ChannelRegularConversion=1
ADC1.Rank-1\#ChannelRegularConversion=2
ADC1.Rank-2\#ChannelRegularConversion=3
ADC1.Rank-3\#ChannelRegularConversion=4
ADC1.SamplingTime-0\#ChannelRegularConversion=ADC_SAMPLETIME_2CYCLES_5
ADC1.SamplingTime-1\#ChannelRegularConversion=ADC_SAMPLETIME_2CYCLES_5
ADC1.SamplingTime-2\#ChannelRegularConversion=ADC_SAMPLETIME_2CYCLES_5
ADC1.SamplingTime-3\#ChannelRegularConversion=ADC_SAMPLETIME_2CYCLES_5
ADC1.master=1
ADC2.Channel-0\#ChannelRegularConversion=ADC_CHANNEL_VOPAMP2
ADC2.Channel-3\#ChannelRegularConversion=ADC_CHANNEL_VOPAMP3_ADC2
ADC2.Channel-4\#ChannelRegularConversion=ADC_CHANNEL_3
ADC2.Channel-5\#ChannelRegularConversion=ADC_CHANNEL_1
ADC2.ClockPrescaler=ADC_CLOCK_ASYNC_DIV1
ADC2.CommonPathInternal=null|null|null|null
ADC2.ContinuousConvMode=DISABLE
ADC2.DMAContinuousRequests=ENABLE
ADC2.EOCSelection=ADC_EOC_SEQ_CONV
ADC2.ExternalTrigConv=ADC_EXTERNALTRIG_T1_TRGO
ADC2.ExternalTrigConvEdge=ADC_EXTERNALTRIGCONVEDGE_RISINGFALLING
ADC2.IPParameters=Rank-0\#ChannelRegularConversion,Channel-0\#ChannelRegularConversion,SamplingTime-0\#ChannelRegularConversion,OffsetNumber-0\#ChannelRegularConversion,NbrOfConversionFlag,NbrOfConversion,ClockPrescaler,EOCSelection,ContinuousConvMode,DMAContinuousRequests,Overrun,ExternalTrigConv,ExternalTrigConvEdge,Rank-3\#ChannelRegularConversion,Channel-3\#ChannelRegularConversion,SamplingTime-3\#ChannelRegularConversion,OffsetNumber-3\#ChannelRegularConversion,Rank-4\#ChannelRegularConversion,Channel-4\#ChannelRegularConversion,SamplingTime-4\#ChannelRegularConversion,OffsetNumber-4\#ChannelRegularConversion,Rank-5\#ChannelRegularConversion,Channel-5\#ChannelRegularConversion,SamplingTime-5\#ChannelRegularConversion,OffsetNumber-5\#ChannelRegularConversion,CommonPathInternal
ADC2.NbrOfConversion=4
ADC2.NbrOfConversionFlag=1
ADC2.OffsetNumber-0\#ChannelRegularConversion=ADC_OFFSET_NONE
ADC2.OffsetNumber-3\#ChannelRegularConversion=ADC_OFFSET_NONE
ADC2.OffsetNumber-4\#ChannelRegularConversion=ADC_OFFSET_NONE
ADC2.OffsetNumber-5\#ChannelRegularConversion=ADC_OFFSET_NONE
ADC2.Overrun=ADC_OVR_DATA_OVERWRITTEN
ADC2.Rank-0\#ChannelRegularConversion=1
ADC2.Rank-3\#ChannelRegularConversion=2
ADC2.Rank-4\#ChannelRegularConversion=3
ADC2.Rank-5\#ChannelRegularConversion=4
ADC2.SamplingTime-0\#ChannelRegularConversion=ADC_SAMPLETIME_2CYCLES_5
ADC2.SamplingTime-3\#ChannelRegularConversion=ADC_SAMPLETIME_2CYCLES_5
ADC2.SamplingTime-4\#ChannelRegularConversion=ADC_SAMPLETIME_2CYCLES_5
ADC2.SamplingTime-5\#ChannelRegularConversion=ADC_SAMPLETIME_2CYCLES_5
CAD.formats=
CAD.pinconfig=
CAD.provider=
Dma.ADC1.0.Direction=DMA_PERIPH_TO_MEMORY
Dma.ADC1.0.EventEnable=DISABLE
Dma.ADC1.0.Instance=DMA1_Channel1
Dma.ADC1.0.MemDataAlignment=DMA_MDATAALIGN_HALFWORD
Dma.ADC1.0.MemInc=DMA_MINC_ENABLE
Dma.ADC1.0.Mode=DMA_CIRCULAR
Dma.ADC1.0.PeriphDataAlignment=DMA_PDATAALIGN_HALFWORD
Dma.ADC1.0.PeriphInc=DMA_PINC_DISABLE
Dma.ADC1.0.Polarity=HAL_DMAMUX_REQ_GEN_RISING
Dma.ADC1.0.Priority=DMA_PRIORITY_VERY_HIGH
Dma.ADC1.0.RequestNumber=1
Dma.ADC1.0.RequestParameters=Instance,Direction,PeriphInc,MemInc,PeriphDataAlignment,MemDataAlignment,Mode,Priority,SignalID,Polarity,RequestNumber,SyncSignalID,SyncPolarity,SyncEnable,EventEnable,SyncRequestNumber
Dma.ADC1.0.SignalID=NONE
Dma.ADC1.0.SyncEnable=DISABLE
Dma.ADC1.0.SyncPolarity=HAL_DMAMUX_SYNC_NO_EVENT
Dma.ADC1.0.SyncRequestNumber=1
Dma.ADC1.0.SyncSignalID=NONE
Dma.ADC2.1.Direction=DMA_PERIPH_TO_MEMORY
Dma.ADC2.1.EventEnable=DISABLE
Dma.ADC2.1.Instance=DMA2_Channel1
Dma.ADC2.1.MemDataAlignment=DMA_MDATAALIGN_HALFWORD
Dma.ADC2.1.MemInc=DMA_MINC_ENABLE
Dma.ADC2.1.Mode=DMA_CIRCULAR
Dma.ADC2.1.PeriphDataAlignment=DMA_PDATAALIGN_HALFWORD
Dma.ADC2.1.PeriphInc=DMA_PINC_DISABLE
Dma.ADC2.1.Polarity=HAL_DMAMUX_REQ_GEN_RISING
Dma.ADC2.1.Priority=DMA_PRIORITY_VERY_HIGH
Dma.ADC2.1.RequestNumber=1
Dma.ADC2.1.RequestParameters=Instance,Direction,PeriphInc,MemInc,PeriphDataAlignment,MemDataAlignment,Mode,Priority,SignalID,Polarity,RequestNumber,SyncSignalID,SyncPolarity,SyncEnable,EventEnable,SyncRequestNumber
Dma.ADC2.1.SignalID=NONE
Dma.ADC2.1.SyncEnable=DISABLE
Dma.ADC2.1.SyncPolarity=HAL_DMAMUX_SYNC_NO_EVENT
Dma.ADC2.1.SyncRequestNumber=1
Dma.ADC2.1.SyncSignalID=NONE
Dma.Request0=ADC1
Dma.Request1=ADC2
Dma.RequestsNb=2
FDCAN1.CalculateBaudRateNominal=999999
FDCAN1.CalculateTimeBitNominal=1000
FDCAN1.CalculateTimeQuantumNominal=58.82352941176471
FDCAN1.IPParameters=CalculateTimeQuantumNominal,CalculateTimeBitNominal,CalculateBaudRateNominal,NominalPrescaler,NominalTimeSeg1,NominalTimeSeg2
FDCAN1.NominalPrescaler=10
FDCAN1.NominalTimeSeg1=12
FDCAN1.NominalTimeSeg2=4
File.Version=6
GPIO.groupedBy=Group By Peripherals
KeepUserPlacement=false
Mcu.CPN=STM32G431CBT6
Mcu.Family=STM32G4
Mcu.IP0=ADC1
Mcu.IP1=ADC2
Mcu.IP2=DMA
Mcu.IP3=FDCAN1
Mcu.IP4=NVIC
Mcu.IP5=OPAMP2
Mcu.IP6=OPAMP3
Mcu.IP7=RCC
Mcu.IP8=SYS
Mcu.IP9=TIM1
Mcu.IPNb=10
Mcu.Name=STM32G431C(6-8-B)Tx
Mcu.Package=LQFP48
Mcu.Pin0=PF0-OSC_IN
Mcu.Pin1=PF1-OSC_OUT
Mcu.Pin10=PB1
Mcu.Pin11=VREF+
Mcu.Pin12=PB11
Mcu.Pin13=PB12
Mcu.Pin14=PB13
Mcu.Pin15=PB14
Mcu.Pin16=PB15
Mcu.Pin17=PA8
Mcu.Pin18=PA9
Mcu.Pin19=PA11
Mcu.Pin2=PG10-NRST
Mcu.Pin20=PA12
Mcu.Pin21=PA13
Mcu.Pin22=PA14
Mcu.Pin23=PB8-BOOT0
Mcu.Pin24=PB9
Mcu.Pin25=VP_ADC1_TempSens_Input
Mcu.Pin26=VP_ADC2_OPAMP_INTERNAL2
Mcu.Pin27=VP_ADC2_OPAMP_INTERNAL3
Mcu.Pin28=VP_SYS_VS_Systick
Mcu.Pin29=VP_SYS_VS_DBSignals
Mcu.Pin3=PA0
Mcu.Pin30=VP_TIM1_VS_no_output1
Mcu.Pin4=PA2
Mcu.Pin5=PA3
Mcu.Pin6=PA5
Mcu.Pin7=PA6
Mcu.Pin8=PA7
Mcu.Pin9=PB0
Mcu.PinsNb=31
Mcu.ThirdParty0=STMicroelectronics.X-CUBE-ALGOBUILD.1.3.0
Mcu.ThirdPartyNb=1
Mcu.UserConstants=
Mcu.UserName=STM32G431CBTx
MxCube.Version=6.10.0
MxDb.Version=DB.6.0.100
NVIC.BusFault_IRQn=true\:0\:0\:false\:false\:true\:false\:false\:false
NVIC.DMA1_Channel1_IRQn=true\:0\:0\:false\:false\:true\:true\:true\:true
NVIC.DebugMonitor_IRQn=true\:0\:0\:false\:false\:true\:false\:false\:false
NVIC.FDCAN1_IT0_IRQn=true\:1\:0\:true\:false\:true\:true\:true\:true
NVIC.ForceEnableDMAVector=false
NVIC.HardFault_IRQn=true\:0\:0\:false\:false\:true\:false\:false\:false
NVIC.MemoryManagement_IRQn=true\:0\:0\:false\:false\:true\:false\:false\:false
NVIC.NonMaskableInt_IRQn=true\:0\:0\:false\:false\:true\:false\:false\:false
NVIC.PendSV_IRQn=true\:0\:0\:false\:false\:true\:false\:false\:false
NVIC.PriorityGroup=NVIC_PRIORITYGROUP_4
NVIC.SVCall_IRQn=true\:0\:0\:false\:false\:true\:false\:false\:false
NVIC.SysTick_IRQn=true\:15\:0\:false\:false\:true\:false\:true\:false
NVIC.UsageFault_IRQn=true\:0\:0\:false\:false\:true\:false\:false\:false
OPAMP2.IPParameters=PowerMode,SelfCalibration
OPAMP2.PowerMode=OPAMP_POWERMODE_NORMAL
OPAMP2.SelfCalibration=Enable
OPAMP3.IPParameters=PowerMode,SelfCalibration
OPAMP3.PowerMode=OPAMP_POWERMODE_NORMAL
OPAMP3.SelfCalibration=Enable
PA0.GPIOParameters=GPIO_Label
PA0.GPIO_Label=TEMP_CAP
PA0.Locked=true
PA0.Mode=IN1-Single-Ended
PA0.Signal=ADC2_IN1
PA11.Locked=true
PA11.Mode=FDCAN_Activate
PA11.Signal=FDCAN1_RX
PA12.Locked=true
PA12.Mode=FDCAN_Activate
PA12.Signal=FDCAN1_TX
PA13.Locked=true
PA13.Mode=Serial_Wire
PA13.Signal=SYS_JTMS-SWDIO
PA14.Locked=true
PA14.Mode=Serial_Wire
PA14.Signal=SYS_JTCK-SWCLK
PA2.GPIOParameters=GPIO_Label
PA2.GPIO_Label=Ibat
PA2.Locked=true
PA2.Mode=IN3-Single-Ended
PA2.Signal=ADC1_IN3
PA3.GPIOParameters=GPIO_Label
PA3.GPIO_Label=Icap
PA3.Locked=true
PA3.Mode=IN4-Single-Ended
PA3.Signal=ADC1_IN4
PA5.GPIOParameters=GPIO_Label
PA5.GPIO_Label=CAP_CTRL
PA5.Locked=true
PA5.Signal=GPIO_Output
PA6.GPIOParameters=GPIO_Label
PA6.GPIO_Label=Vboost
PA6.Locked=true
PA6.Mode=IN3-Single-Ended
PA6.Signal=ADC2_IN3
PA7.GPIOParameters=GPIO_Label
PA7.GPIO_Label=Vbat
PA7.Locked=true
PA7.Mode=Follower_Internally_Connected
PA7.Signal=OPAMP2_VINP
PA8.GPIOParameters=GPIO_Label
PA8.GPIO_Label=LED_CAP
PA8.Locked=true
PA8.Signal=GPIO_Output
PA9.Signal=S_TIM1_CH2
PB0.GPIOParameters=GPIO_Label
PB0.GPIO_Label=Vcap
PB0.Locked=true
PB0.Mode=Follower_Internally_Connected
PB0.Signal=OPAMP3_VINP
PB1.GPIOParameters=GPIO_Label
PB1.GPIO_Label=TEMP_MOS
PB1.Locked=true
PB1.Mode=IN12-Single-Ended
PB1.Signal=ADC1_IN12
PB11.GPIOParameters=GPIO_Label
PB11.GPIO_Label=TIM1_Break_CTRL
PB11.Locked=true
PB11.Signal=GPIO_Output
PB12.Locked=true
PB12.Mode=Activate-Break-Input
PB12.Signal=TIM1_BKIN
PB13.GPIOParameters=GPIO_Label
PB13.GPIO_Label=TEST_OUT
PB13.Locked=true
PB13.Signal=GPIO_Output
PB14.Mode=PWM Generation2 CH2 CH2N
PB14.Signal=TIM1_CH2N
PB15.GPIOParameters=GPIO_Label
PB15.GPIO_Label=LED_CHASSIS
PB15.Locked=true
PB15.Signal=GPIO_Output
PB8-BOOT0.Locked=true
PB9.GPIOParameters=GPIO_PuPd,GPIO_Label
PB9.GPIO_Label=TEST_MODE
PB9.GPIO_PuPd=GPIO_PULLDOWN
PB9.Locked=true
PB9.Signal=GPIO_Input
PF0-OSC_IN.Mode=HSE-External-Oscillator
PF0-OSC_IN.Signal=RCC_OSC_IN
PF1-OSC_OUT.Mode=HSE-External-Oscillator
PF1-OSC_OUT.Signal=RCC_OSC_OUT
PG10-NRST.GPIOParameters=GPIO_PuPd,GPIO_Label
PG10-NRST.GPIO_Label=TEST_IN
PG10-NRST.GPIO_PuPd=GPIO_PULLUP
PG10-NRST.Locked=true
PG10-NRST.Signal=GPIO_Input
PinOutPanel.RotationAngle=0
ProjectManager.AskForMigrate=true
ProjectManager.BackupPrevious=false
ProjectManager.CompilerOptimize=6
ProjectManager.ComputerToolchain=false
ProjectManager.CoupleFile=true
ProjectManager.CustomerFirmwarePackage=
ProjectManager.DefaultFWLocation=true
ProjectManager.DeletePrevious=true
ProjectManager.DeviceId=STM32G431CBTx
ProjectManager.FirmwarePackage=STM32Cube FW_G4 V1.5.2
ProjectManager.FreePins=true
ProjectManager.HalAssertFull=false
ProjectManager.HeapSize=0x200
ProjectManager.KeepUserCode=true
ProjectManager.LastFirmware=true
ProjectManager.LibraryCopy=1
ProjectManager.MainLocation=Core/Src
ProjectManager.NoMain=false
ProjectManager.PreviousToolchain=
ProjectManager.ProjectBuild=false
ProjectManager.ProjectFileName=SuperCapPowerBoard_G431_lite.ioc
ProjectManager.ProjectName=SuperCapPowerBoard_G431_lite
ProjectManager.ProjectStructure=
ProjectManager.RegisterCallBack=
ProjectManager.StackSize=0x400
ProjectManager.TargetToolchain=Makefile
ProjectManager.ToolChainLocation=
ProjectManager.UAScriptAfterPath=
ProjectManager.UAScriptBeforePath=
ProjectManager.UnderRoot=false
ProjectManager.functionlistsort=1-SystemClock_Config-RCC-false-HAL-false,2-MX_GPIO_Init-GPIO-false-HAL-true,3-MX_DMA_Init-DMA-false-HAL-true,4-MX_ADC1_Init-ADC1-false-HAL-true,5-MX_ADC2_Init-ADC2-false-HAL-true,6-MX_FDCAN1_Init-FDCAN1-false-HAL-true,7-MX_OPAMP2_Init-OPAMP2-false-HAL-true,8-MX_OPAMP3_Init-OPAMP3-false-HAL-true,9-MX_TIM1_Init-TIM1-false-HAL-true
RCC.ADC12CLockSelection=RCC_ADC12CLKSOURCE_PLL
RCC.ADC12Freq_Value=42500000
RCC.AHBFreq_Value=170000000
RCC.APB1Freq_Value=170000000
RCC.APB1TimFreq_Value=170000000
RCC.APB2Freq_Value=170000000
RCC.APB2TimFreq_Value=170000000
RCC.CRSFreq_Value=48000000
RCC.CortexFreq_Value=170000000
RCC.EXTERNAL_CLOCK_VALUE=12288000
RCC.FCLKCortexFreq_Value=170000000
RCC.FDCANCLockSelection=RCC_FDCANCLKSOURCE_PLL
RCC.FDCANFreq_Value=170000000
RCC.FamilyName=M
RCC.HCLKFreq_Value=170000000
RCC.HSE_VALUE=40000000
RCC.HSI48_VALUE=48000000
RCC.HSI_VALUE=16000000
RCC.I2C1Freq_Value=170000000
RCC.I2C2Freq_Value=170000000
RCC.I2C3Freq_Value=170000000
RCC.I2SFreq_Value=170000000
RCC.IPParameters=ADC12CLockSelection,ADC12Freq_Value,AHBFreq_Value,APB1Freq_Value,APB1TimFreq_Value,APB2Freq_Value,APB2TimFreq_Value,CRSFreq_Value,CortexFreq_Value,EXTERNAL_CLOCK_VALUE,FCLKCortexFreq_Value,FDCANCLockSelection,FDCANFreq_Value,FamilyName,HCLKFreq_Value,HSE_VALUE,HSI48_VALUE,HSI_VALUE,I2C1Freq_Value,I2C2Freq_Value,I2C3Freq_Value,I2SFreq_Value,LPTIM1Freq_Value,LPUART1Freq_Value,LSCOPinFreq_Value,LSE_VALUE,LSI_VALUE,MCO1PinFreq_Value,PLLM,PLLN,PLLP,PLLPoutputFreq_Value,PLLQoutputFreq_Value,PLLRCLKFreq_Value,PLLSourceVirtual,PWRFreq_Value,RNGFreq_Value,SAI1Freq_Value,SYSCLKFreq_VALUE,SYSCLKSource,USART1Freq_Value,USART2Freq_Value,USART3Freq_Value,USBFreq_Value,VCOInputFreq_Value,VCOOutputFreq_Value
RCC.LPTIM1Freq_Value=170000000
RCC.LPUART1Freq_Value=170000000
RCC.LSCOPinFreq_Value=32000
RCC.LSE_VALUE=32768
RCC.LSI_VALUE=32000
RCC.MCO1PinFreq_Value=16000000
RCC.PLLM=RCC_PLLM_DIV4
RCC.PLLN=34
RCC.PLLP=RCC_PLLP_DIV8
RCC.PLLPoutputFreq_Value=42500000
RCC.PLLQoutputFreq_Value=170000000
RCC.PLLRCLKFreq_Value=170000000
RCC.PLLSourceVirtual=RCC_PLLSOURCE_HSE
RCC.PWRFreq_Value=170000000
RCC.RNGFreq_Value=170000000
RCC.SAI1Freq_Value=170000000
RCC.SYSCLKFreq_VALUE=170000000
RCC.SYSCLKSource=RCC_SYSCLKSOURCE_PLLCLK
RCC.USART1Freq_Value=170000000
RCC.USART2Freq_Value=170000000
RCC.USART3Freq_Value=170000000
RCC.USBFreq_Value=170000000
RCC.VCOInputFreq_Value=10000000
RCC.VCOOutputFreq_Value=340000000
SH.S_TIM1_CH2.0=TIM1_CH2,PWM Generation2 CH2 CH2N
SH.S_TIM1_CH2.ConfNb=1
STMicroelectronics.X-CUBE-ALGOBUILD.1.3.0.DSPOoLibraryJjLibrary_Checked=false
STMicroelectronics.X-CUBE-ALGOBUILD.1.3.0_SwParameter=LibraryCcDSPOoLibraryJjDSPOoLibrary\:true;
SYS.IPParameters=VoltageScaling
SYS.VoltageScaling=SYSCFG_VREFBUF_VOLTAGE_SCALE2
TIM1.AsymmetricalDeadTime=ENABLE
TIM1.AutoReloadPreload=TIM_AUTORELOAD_PRELOAD_ENABLE
TIM1.AutomaticOutput=TIM_AUTOMATICOUTPUT_ENABLE
TIM1.Channel-Output\ Compare1\ No\ Output=TIM_CHANNEL_1
TIM1.Channel-PWM\ Generation2\ CH2\ CH2N=TIM_CHANNEL_2
TIM1.DeadTime=50
TIM1.DeadTimePreload=ENABLE
TIM1.Dithering=Enable
TIM1.FallingDeadTime=50
TIM1.Fractionnal_PulseDither_1=15
TIM1.Fractionnal_PulseDither_2=15
TIM1.IPParameters=Channel-PWM Generation2 CH2 CH2N,PeriodNoDither,Dithering,AutoReloadPreload,SourceBRKDigInputPolarity,AutomaticOutput,OffStateIDLEMode,DeadTimePreload,AsymmetricalDeadTime,DeadTime,FallingDeadTime,TIM_MasterOutputTrigger,Channel-Output Compare1 No Output,OCMode_1,OC1Preload,PulseNoDither_2,PulseNoDither_1,TIM_MasterOutputTrigger2,Integer_PeriodDither,Integer_PulseDither_2,Fractionnal_PulseDither_2,Integer_PulseDither_1,Fractionnal_PulseDither_1
TIM1.Integer_PeriodDither=1699
TIM1.Integer_PulseDither_1=300
TIM1.Integer_PulseDither_2=800
TIM1.OC1Preload=ENABLE
TIM1.OCMode_1=TIM_OCMODE_TOGGLE
TIM1.OffStateIDLEMode=TIM_OSSI_ENABLE
TIM1.PeriodNoDither=1699
TIM1.PulseNoDither_1=300
TIM1.PulseNoDither_2=800
TIM1.SourceBRKDigInputPolarity=TIM_BREAKINPUTSOURCE_POLARITY_HIGH
TIM1.TIM_MasterOutputTrigger=TIM_TRGO_OC1REF
TIM1.TIM_MasterOutputTrigger2=TIM_TRGO2_RESET
VP_ADC1_TempSens_Input.Mode=IN-TempSens
VP_ADC1_TempSens_Input.Signal=ADC1_TempSens_Input
VP_ADC2_OPAMP_INTERNAL2.Mode=IN-OPAMP2
VP_ADC2_OPAMP_INTERNAL2.Signal=ADC2_OPAMP_INTERNAL2
VP_ADC2_OPAMP_INTERNAL3.Mode=IN-OPAMP3
VP_ADC2_OPAMP_INTERNAL3.Signal=ADC2_OPAMP_INTERNAL3
VP_SYS_VS_DBSignals.Mode=DisableDeadBatterySignals
VP_SYS_VS_DBSignals.Signal=SYS_VS_DBSignals
VP_SYS_VS_Systick.Mode=SysTick
VP_SYS_VS_Systick.Signal=SYS_VS_Systick
VP_TIM1_VS_no_output1.Mode=Output Compare1 No Output
VP_TIM1_VS_no_output1.Signal=TIM1_VS_no_output1
VREF+.Mode=InternalMode
VREF+.Signal=VREFBUF_OUT
board=custom
